
Microsoft Visual Studio Solution File, Format Version 12.00
# Visual Studio 2013
VisualStudioVersion = 12.0.21005.1
MinimumVisualStudioVersion = 10.0.40219.1
Project("{FAE04EC0-301F-11D3-BF4B-00C04F79EFBC}") = "YYERP", "YYERP\YYERP.csproj", "{691C50CD-6E1C-451E-866F-15AF8A9C064A}"
EndProject
Project("{FAE04EC0-301F-11D3-BF4B-00C04F79EFBC}") = "YYERP.Common.UI", "YYERP.Common\YYERP.Common.UI.csproj", "{17943372-6663-4C61-92C8-6948378265B2}"
EndProject
Project("{FAE04EC0-301F-11D3-BF4B-00C04F79EFBC}") = "YYERP.Common.Core", "YYERP.Common.Core\YYERP.Common.Core.csproj", "{0519845E-AFF6-43AA-A610-B1BC1D30DE4A}"
EndProject
Project("{FAE04EC0-301F-11D3-BF4B-00C04F79EFBC}") = "Plat", "Plat\Plat.csproj", "{8EC5CD54-06BA-4C3E-B892-D8F3E9F972AE}"
EndProject
Project("{FAE04EC0-301F-11D3-BF4B-00C04F79EFBC}") = "YYERP.ERP", "YYERP.ERP\YYERP.ERP.csproj", "{762D5F6E-B7AD-4B8C-AA38-5BEDCB732737}"
EndProject
Project("{FAE04EC0-301F-11D3-BF4B-00C04F79EFBC}") = "YYERP.DbTable", "YYERP.DbTable\YYERP.DbTable.csproj", "{60144339-E620-482E-8610-7CFA63220896}"
EndProject
Global
	GlobalSection(SolutionConfigurationPlatforms) = preSolution
		Debug|Any CPU = Debug|Any CPU
		Release|Any CPU = Release|Any CPU
	EndGlobalSection
	GlobalSection(ProjectConfigurationPlatforms) = postSolution
		{691C50CD-6E1C-451E-866F-15AF8A9C064A}.Debug|Any CPU.ActiveCfg = Debug|Any CPU
		{691C50CD-6E1C-451E-866F-15AF8A9C064A}.Debug|Any CPU.Build.0 = Debug|Any CPU
		{691C50CD-6E1C-451E-866F-15AF8A9C064A}.Release|Any CPU.ActiveCfg = Release|Any CPU
		{691C50CD-6E1C-451E-866F-15AF8A9C064A}.Release|Any CPU.Build.0 = Release|Any CPU
		{17943372-6663-4C61-92C8-6948378265B2}.Debug|Any CPU.ActiveCfg = Debug|Any CPU
		{17943372-6663-4C61-92C8-6948378265B2}.Debug|Any CPU.Build.0 = Debug|Any CPU
		{17943372-6663-4C61-92C8-6948378265B2}.Release|Any CPU.ActiveCfg = Release|Any CPU
		{17943372-6663-4C61-92C8-6948378265B2}.Release|Any CPU.Build.0 = Release|Any CPU
		{0519845E-AFF6-43AA-A610-B1BC1D30DE4A}.Debug|Any CPU.ActiveCfg = Debug|Any CPU
		{0519845E-AFF6-43AA-A610-B1BC1D30DE4A}.Debug|Any CPU.Build.0 = Debug|Any CPU
		{0519845E-AFF6-43AA-A610-B1BC1D30DE4A}.Release|Any CPU.ActiveCfg = Release|Any CPU
		{0519845E-AFF6-43AA-A610-B1BC1D30DE4A}.Release|Any CPU.Build.0 = Release|Any CPU
		{8EC5CD54-06BA-4C3E-B892-D8F3E9F972AE}.Debug|Any CPU.ActiveCfg = Debug|Any CPU
		{8EC5CD54-06BA-4C3E-B892-D8F3E9F972AE}.Debug|Any CPU.Build.0 = Debug|Any CPU
		{8EC5CD54-06BA-4C3E-B892-D8F3E9F972AE}.Release|Any CPU.ActiveCfg = Release|Any CPU
		{8EC5CD54-06BA-4C3E-B892-D8F3E9F972AE}.Release|Any CPU.Build.0 = Release|Any CPU
		{762D5F6E-B7AD-4B8C-AA38-5BEDCB732737}.Debug|Any CPU.ActiveCfg = Debug|Any CPU
		{762D5F6E-B7AD-4B8C-AA38-5BEDCB732737}.Debug|Any CPU.Build.0 = Debug|Any CPU
		{762D5F6E-B7AD-4B8C-AA38-5BEDCB732737}.Release|Any CPU.ActiveCfg = Release|Any CPU
		{762D5F6E-B7AD-4B8C-AA38-5BEDCB732737}.Release|Any CPU.Build.0 = Release|Any CPU
		{60144339-E620-482E-8610-7CFA63220896}.Debug|Any CPU.ActiveCfg = Debug|Any CPU
		{60144339-E620-482E-8610-7CFA63220896}.Debug|Any CPU.Build.0 = Debug|Any CPU
		{60144339-E620-482E-8610-7CFA63220896}.Release|Any CPU.ActiveCfg = Release|Any CPU
		{60144339-E620-482E-8610-7CFA63220896}.Release|Any CPU.Build.0 = Release|Any CPU
	EndGlobalSection
	GlobalSection(SolutionProperties) = preSolution
		HideSolutionNode = FALSE
	EndGlobalSection
EndGlobal
